
Microsoft Visual Studio Solution File, Format Version 12.00
# Visual Studio Version 17
VisualStudioVersion = 17.0.31903.59
MinimumVisualStudioVersion = 10.0.40219.1
Project("{FAE04EC0-301F-11D3-BF4B-00C04F79EFBC}") = "Clarive.Api", "Clarive.Api\Clarive.Api.csproj", "{F3467F96-D4F3-4557-9675-E28A8DB62839}"
EndProject
Project("{FAE04EC0-301F-11D3-BF4B-00C04F79EFBC}") = "Clarive.Api.UnitTests", "..\..\tests\backend\Clarive.Api.UnitTests\Clarive.Api.UnitTests.csproj", "{0EC8F0AC-00D2-4232-A947-FCE69A71F80F}"
EndProject
Project("{FAE04EC0-301F-11D3-BF4B-00C04F79EFBC}") = "Clarive.Api.IntegrationTests", "..\..\tests\backend\Clarive.Api.IntegrationTests\Clarive.Api.IntegrationTests.csproj", "{3418417A-B6EE-4A2C-B0B8-0CAB92F5051B}"
EndProject
Global
	GlobalSection(SolutionConfigurationPlatforms) = preSolution
		Debug|Any CPU = Debug|Any CPU
		Release|Any CPU = Release|Any CPU
	EndGlobalSection
	GlobalSection(SolutionProperties) = preSolution
		HideSolutionNode = FALSE
	EndGlobalSection
	GlobalSection(ProjectConfigurationPlatforms) = postSolution
		{F3467F96-D4F3-4557-9675-E28A8DB62839}.Debug|Any CPU.ActiveCfg = Debug|Any CPU
		{F3467F96-D4F3-4557-9675-E28A8DB62839}.Debug|Any CPU.Build.0 = Debug|Any CPU
		{F3467F96-D4F3-4557-9675-E28A8DB62839}.Release|Any CPU.ActiveCfg = Release|Any CPU
		{F3467F96-D4F3-4557-9675-E28A8DB62839}.Release|Any CPU.Build.0 = Release|Any CPU
		{0EC8F0AC-00D2-4232-A947-FCE69A71F80F}.Debug|Any CPU.ActiveCfg = Debug|Any CPU
		{0EC8F0AC-00D2-4232-A947-FCE69A71F80F}.Debug|Any CPU.Build.0 = Debug|Any CPU
		{0EC8F0AC-00D2-4232-A947-FCE69A71F80F}.Release|Any CPU.ActiveCfg = Release|Any CPU
		{0EC8F0AC-00D2-4232-A947-FCE69A71F80F}.Release|Any CPU.Build.0 = Release|Any CPU
		{3418417A-B6EE-4A2C-B0B8-0CAB92F5051B}.Debug|Any CPU.ActiveCfg = Debug|Any CPU
		{3418417A-B6EE-4A2C-B0B8-0CAB92F5051B}.Debug|Any CPU.Build.0 = Debug|Any CPU
		{3418417A-B6EE-4A2C-B0B8-0CAB92F5051B}.Release|Any CPU.ActiveCfg = Release|Any CPU
		{3418417A-B6EE-4A2C-B0B8-0CAB92F5051B}.Release|Any CPU.Build.0 = Release|Any CPU
	EndGlobalSection
EndGlobal
